
Microsoft Visual Studio Solution File, Format Version 12.00
# Visual Studio Version 17
VisualStudioVersion = 17.4.33103.184
MinimumVisualStudioVersion = 10.0.40219.1
Project("{2150E333-8FDC-42A3-9474-1A3956D46DE8}") = "src", "src", "{58AFE077-D13B-454F-B63F-13113E0E4735}"
EndProject
Project("{2150E333-8FDC-42A3-9474-1A3956D46DE8}") = "WarehouseApplication", "WarehouseApplication", "{87FCD5D3-DA72-4AAE-B476-385E6622621B}"
EndProject
Project("{E53339B2-1760-4266-BCC7-CA923CBCF16C}") = "docker-compose", "docker-compose.dcproj", "{F5911023-19E9-4528-AFB6-B998B306965A}"
EndProject
Project("{9A19103F-16F7-4668-BE54-9A1E7A4F7556}") = "MigrationApplay", "MigrationApplay\MigrationApplay.csproj", "{46D12618-107F-4D4B-9D83-DA1F5B21BEB0}"
EndProject
Project("{9A19103F-16F7-4668-BE54-9A1E7A4F7556}") = "Api", "src\WarehouseApplication\Api\Api.csproj", "{85412AFB-8B77-46AE-A832-3BC82E314CBC}"
EndProject
Project("{9A19103F-16F7-4668-BE54-9A1E7A4F7556}") = "Domain", "src\WarehouseApplication\Domain\Domain.csproj", "{C8266EDB-29FA-41F0-B914-CCA8C5D26007}"
EndProject
Project("{9A19103F-16F7-4668-BE54-9A1E7A4F7556}") = "ForMigrations", "src\WarehouseApplication\ForMigrations\ForMigrations.csproj", "{E73D62DE-FB3E-43DB-BFF9-C8D553B0C4CA}"
EndProject
Project("{9A19103F-16F7-4668-BE54-9A1E7A4F7556}") = "Infrastructura", "src\WarehouseApplication\Infrastructura\Infrastructura.csproj", "{01531596-42F0-4397-AB0E-4FC003ECC9C8}"
EndProject
Project("{9A19103F-16F7-4668-BE54-9A1E7A4F7556}") = "Services", "src\WarehouseApplication\Services\Services.csproj", "{16B52FAE-BE5B-4A9C-A295-E37D2633E276}"
EndProject
Global
	GlobalSection(SolutionConfigurationPlatforms) = preSolution
		Debug|Any CPU = Debug|Any CPU
		Release|Any CPU = Release|Any CPU
	EndGlobalSection
	GlobalSection(ProjectConfigurationPlatforms) = postSolution
		{F5911023-19E9-4528-AFB6-B998B306965A}.Debug|Any CPU.ActiveCfg = Debug|Any CPU
		{F5911023-19E9-4528-AFB6-B998B306965A}.Debug|Any CPU.Build.0 = Debug|Any CPU
		{F5911023-19E9-4528-AFB6-B998B306965A}.Release|Any CPU.ActiveCfg = Release|Any CPU
		{F5911023-19E9-4528-AFB6-B998B306965A}.Release|Any CPU.Build.0 = Release|Any CPU
		{46D12618-107F-4D4B-9D83-DA1F5B21BEB0}.Debug|Any CPU.ActiveCfg = Debug|Any CPU
		{46D12618-107F-4D4B-9D83-DA1F5B21BEB0}.Debug|Any CPU.Build.0 = Debug|Any CPU
		{46D12618-107F-4D4B-9D83-DA1F5B21BEB0}.Release|Any CPU.ActiveCfg = Release|Any CPU
		{46D12618-107F-4D4B-9D83-DA1F5B21BEB0}.Release|Any CPU.Build.0 = Release|Any CPU
		{85412AFB-8B77-46AE-A832-3BC82E314CBC}.Debug|Any CPU.ActiveCfg = Debug|Any CPU
		{85412AFB-8B77-46AE-A832-3BC82E314CBC}.Debug|Any CPU.Build.0 = Debug|Any CPU
		{85412AFB-8B77-46AE-A832-3BC82E314CBC}.Release|Any CPU.ActiveCfg = Release|Any CPU
		{85412AFB-8B77-46AE-A832-3BC82E314CBC}.Release|Any CPU.Build.0 = Release|Any CPU
		{C8266EDB-29FA-41F0-B914-CCA8C5D26007}.Debug|Any CPU.ActiveCfg = Debug|Any CPU
		{C8266EDB-29FA-41F0-B914-CCA8C5D26007}.Debug|Any CPU.Build.0 = Debug|Any CPU
		{C8266EDB-29FA-41F0-B914-CCA8C5D26007}.Release|Any CPU.ActiveCfg = Release|Any CPU
		{C8266EDB-29FA-41F0-B914-CCA8C5D26007}.Release|Any CPU.Build.0 = Release|Any CPU
		{E73D62DE-FB3E-43DB-BFF9-C8D553B0C4CA}.Debug|Any CPU.ActiveCfg = Debug|Any CPU
		{E73D62DE-FB3E-43DB-BFF9-C8D553B0C4CA}.Debug|Any CPU.Build.0 = Debug|Any CPU
		{E73D62DE-FB3E-43DB-BFF9-C8D553B0C4CA}.Release|Any CPU.ActiveCfg = Release|Any CPU
		{E73D62DE-FB3E-43DB-BFF9-C8D553B0C4CA}.Release|Any CPU.Build.0 = Release|Any CPU
		{01531596-42F0-4397-AB0E-4FC003ECC9C8}.Debug|Any CPU.ActiveCfg = Debug|Any CPU
		{01531596-42F0-4397-AB0E-4FC003ECC9C8}.Debug|Any CPU.Build.0 = Debug|Any CPU
		{01531596-42F0-4397-AB0E-4FC003ECC9C8}.Release|Any CPU.ActiveCfg = Release|Any CPU
		{01531596-42F0-4397-AB0E-4FC003ECC9C8}.Release|Any CPU.Build.0 = Release|Any CPU
		{16B52FAE-BE5B-4A9C-A295-E37D2633E276}.Debug|Any CPU.ActiveCfg = Debug|Any CPU
		{16B52FAE-BE5B-4A9C-A295-E37D2633E276}.Debug|Any CPU.Build.0 = Debug|Any CPU
		{16B52FAE-BE5B-4A9C-A295-E37D2633E276}.Release|Any CPU.ActiveCfg = Release|Any CPU
		{16B52FAE-BE5B-4A9C-A295-E37D2633E276}.Release|Any CPU.Build.0 = Release|Any CPU
	EndGlobalSection
	GlobalSection(SolutionProperties) = preSolution
		HideSolutionNode = FALSE
	EndGlobalSection
	GlobalSection(NestedProjects) = preSolution
		{87FCD5D3-DA72-4AAE-B476-385E6622621B} = {58AFE077-D13B-454F-B63F-13113E0E4735}
		{85412AFB-8B77-46AE-A832-3BC82E314CBC} = {87FCD5D3-DA72-4AAE-B476-385E6622621B}
		{C8266EDB-29FA-41F0-B914-CCA8C5D26007} = {87FCD5D3-DA72-4AAE-B476-385E6622621B}
		{E73D62DE-FB3E-43DB-BFF9-C8D553B0C4CA} = {87FCD5D3-DA72-4AAE-B476-385E6622621B}
		{01531596-42F0-4397-AB0E-4FC003ECC9C8} = {87FCD5D3-DA72-4AAE-B476-385E6622621B}
		{16B52FAE-BE5B-4A9C-A295-E37D2633E276} = {87FCD5D3-DA72-4AAE-B476-385E6622621B}
	EndGlobalSection
	GlobalSection(ExtensibilityGlobals) = postSolution
		SolutionGuid = {AC53D040-774D-43AE-9A1D-C17FDF9168F4}
	EndGlobalSection
EndGlobal
