
Microsoft Visual Studio Solution File, Format Version 12.00
# Visual Studio Version 17
VisualStudioVersion = 17.4.33103.184
MinimumVisualStudioVersion = 10.0.40219.1
Project("{2150E333-8FDC-42A3-9474-1A3956D46DE8}") = "src", "src", "{58AFE077-D13B-454F-B63F-13113E0E4735}"
EndProject
Project("{2150E333-8FDC-42A3-9474-1A3956D46DE8}") = "WarehouseApplication", "WarehouseApplication", "{87FCD5D3-DA72-4AAE-B476-385E6622621B}"
EndProject
Project("{9A19103F-16F7-4668-BE54-9A1E7A4F7556}") = "Warehouse.Api", "src\WarehouseApplication\Api\Warehouse.Api.csproj", "{85412AFB-8B77-46AE-A832-3BC82E314CBC}"
EndProject
Project("{9A19103F-16F7-4668-BE54-9A1E7A4F7556}") = "Warehouse.Domain", "src\WarehouseApplication\Domain\Warehouse.Domain.csproj", "{C8266EDB-29FA-41F0-B914-CCA8C5D26007}"
EndProject
Project("{9A19103F-16F7-4668-BE54-9A1E7A4F7556}") = "Warehouse.Infrastructura", "src\WarehouseApplication\Infrastructura\Warehouse.Infrastructura.csproj", "{01531596-42F0-4397-AB0E-4FC003ECC9C8}"
EndProject
Project("{9A19103F-16F7-4668-BE54-9A1E7A4F7556}") = "Warehouse.Services", "src\WarehouseApplication\Services\Warehouse.Services.csproj", "{16B52FAE-BE5B-4A9C-A295-E37D2633E276}"
EndProject
Project("{E53339B2-1760-4266-BCC7-CA923CBCF16C}") = "docker-compose", "docker-compose.dcproj", "{1091BFDD-68D2-4113-93A5-09B9916FA2E3}"
EndProject
Project("{9A19103F-16F7-4668-BE54-9A1E7A4F7556}") = "HttpClientPusher", "src\HttpClientPusher\HttpClientPusher.csproj", "{1618AC84-243F-4ADF-B60D-C6F0CC3957FA}"
EndProject
Project("{2150E333-8FDC-42A3-9474-1A3956D46DE8}") = "Solution Items", "Solution Items", "{94D03228-DC4C-4A03-89B2-36E9C50AE279}"
	ProjectSection(SolutionItems) = preProject
		.editorconfig = .editorconfig
	EndProjectSection
EndProject
Global
	GlobalSection(SolutionConfigurationPlatforms) = preSolution
		Debug|Any CPU = Debug|Any CPU
		Release|Any CPU = Release|Any CPU
	EndGlobalSection
	GlobalSection(ProjectConfigurationPlatforms) = postSolution
		{85412AFB-8B77-46AE-A832-3BC82E314CBC}.Debug|Any CPU.ActiveCfg = Debug|Any CPU
		{85412AFB-8B77-46AE-A832-3BC82E314CBC}.Debug|Any CPU.Build.0 = Debug|Any CPU
		{85412AFB-8B77-46AE-A832-3BC82E314CBC}.Release|Any CPU.ActiveCfg = Release|Any CPU
		{85412AFB-8B77-46AE-A832-3BC82E314CBC}.Release|Any CPU.Build.0 = Release|Any CPU
		{C8266EDB-29FA-41F0-B914-CCA8C5D26007}.Debug|Any CPU.ActiveCfg = Debug|Any CPU
		{C8266EDB-29FA-41F0-B914-CCA8C5D26007}.Debug|Any CPU.Build.0 = Debug|Any CPU
		{C8266EDB-29FA-41F0-B914-CCA8C5D26007}.Release|Any CPU.ActiveCfg = Release|Any CPU
		{C8266EDB-29FA-41F0-B914-CCA8C5D26007}.Release|Any CPU.Build.0 = Release|Any CPU
		{01531596-42F0-4397-AB0E-4FC003ECC9C8}.Debug|Any CPU.ActiveCfg = Debug|Any CPU
		{01531596-42F0-4397-AB0E-4FC003ECC9C8}.Debug|Any CPU.Build.0 = Debug|Any CPU
		{01531596-42F0-4397-AB0E-4FC003ECC9C8}.Release|Any CPU.ActiveCfg = Release|Any CPU
		{01531596-42F0-4397-AB0E-4FC003ECC9C8}.Release|Any CPU.Build.0 = Release|Any CPU
		{16B52FAE-BE5B-4A9C-A295-E37D2633E276}.Debug|Any CPU.ActiveCfg = Debug|Any CPU
		{16B52FAE-BE5B-4A9C-A295-E37D2633E276}.Debug|Any CPU.Build.0 = Debug|Any CPU
		{16B52FAE-BE5B-4A9C-A295-E37D2633E276}.Release|Any CPU.ActiveCfg = Release|Any CPU
		{16B52FAE-BE5B-4A9C-A295-E37D2633E276}.Release|Any CPU.Build.0 = Release|Any CPU
		{1091BFDD-68D2-4113-93A5-09B9916FA2E3}.Debug|Any CPU.ActiveCfg = Debug|Any CPU
		{1091BFDD-68D2-4113-93A5-09B9916FA2E3}.Debug|Any CPU.Build.0 = Debug|Any CPU
		{1091BFDD-68D2-4113-93A5-09B9916FA2E3}.Release|Any CPU.ActiveCfg = Release|Any CPU
		{1091BFDD-68D2-4113-93A5-09B9916FA2E3}.Release|Any CPU.Build.0 = Release|Any CPU
		{1618AC84-243F-4ADF-B60D-C6F0CC3957FA}.Debug|Any CPU.ActiveCfg = Debug|Any CPU
		{1618AC84-243F-4ADF-B60D-C6F0CC3957FA}.Debug|Any CPU.Build.0 = Debug|Any CPU
		{1618AC84-243F-4ADF-B60D-C6F0CC3957FA}.Release|Any CPU.ActiveCfg = Release|Any CPU
		{1618AC84-243F-4ADF-B60D-C6F0CC3957FA}.Release|Any CPU.Build.0 = Release|Any CPU
	EndGlobalSection
	GlobalSection(SolutionProperties) = preSolution
		HideSolutionNode = FALSE
	EndGlobalSection
	GlobalSection(NestedProjects) = preSolution
		{87FCD5D3-DA72-4AAE-B476-385E6622621B} = {58AFE077-D13B-454F-B63F-13113E0E4735}
		{85412AFB-8B77-46AE-A832-3BC82E314CBC} = {87FCD5D3-DA72-4AAE-B476-385E6622621B}
		{C8266EDB-29FA-41F0-B914-CCA8C5D26007} = {87FCD5D3-DA72-4AAE-B476-385E6622621B}
		{01531596-42F0-4397-AB0E-4FC003ECC9C8} = {87FCD5D3-DA72-4AAE-B476-385E6622621B}
		{16B52FAE-BE5B-4A9C-A295-E37D2633E276} = {87FCD5D3-DA72-4AAE-B476-385E6622621B}
		{1618AC84-243F-4ADF-B60D-C6F0CC3957FA} = {58AFE077-D13B-454F-B63F-13113E0E4735}
	EndGlobalSection
	GlobalSection(ExtensibilityGlobals) = postSolution
		SolutionGuid = {AC53D040-774D-43AE-9A1D-C17FDF9168F4}
	EndGlobalSection
EndGlobal
